
Microsoft Visual Studio Solution File, Format Version 12.00
# Visual Studio Version 16
VisualStudioVersion = 16.0.34729.46
MinimumVisualStudioVersion = 10.0.40219.1
Project("{FAE04EC0-301F-11D3-BF4B-00C04F79EFBC}") = "parcial1c2", "parcial1c2\parcial1c2.csproj", "{834935EA-8D9A-4FA2-A3B0-2845649EB0A6}"
EndProject
Global
	GlobalSection(SolutionConfigurationPlatforms) = preSolution
		Debug|Any CPU = Debug|Any CPU
		Release|Any CPU = Release|Any CPU
	EndGlobalSection
	GlobalSection(ProjectConfigurationPlatforms) = postSolution
		{834935EA-8D9A-4FA2-A3B0-2845649EB0A6}.Debug|Any CPU.ActiveCfg = Debug|Any CPU
		{834935EA-8D9A-4FA2-A3B0-2845649EB0A6}.Debug|Any CPU.Build.0 = Debug|Any CPU
		{834935EA-8D9A-4FA2-A3B0-2845649EB0A6}.Release|Any CPU.ActiveCfg = Release|Any CPU
		{834935EA-8D9A-4FA2-A3B0-2845649EB0A6}.Release|Any CPU.Build.0 = Release|Any CPU
	EndGlobalSection
	GlobalSection(SolutionProperties) = preSolution
		HideSolutionNode = FALSE
	EndGlobalSection
	GlobalSection(ExtensibilityGlobals) = postSolution
		SolutionGuid = {0D70FEB0-3333-4E1C-835C-DDD6DCE4DF91}
	EndGlobalSection
EndGlobal
